{
  "name": "1a089ac50f181916",
  "lockfileVersion": 3,
  "requires": true,
  "packages": {
    "": {
      "dependencies": {
        "modern-web-guidance": "^0.0.174"
      }
    },
    "node_modules/modern-web-guidance": {
      "version": "0.0.174",
      "resolved": "https://registry.npmjs.org/modern-web-guidance/-/modern-web-guidance-0.0.174.tgz",
      "integrity": "sha512-+2y4GCZO/9rDGjpoWqxNxUNasAB+HtAg84HocF39iLJf0aAGVQEdnbTICRYQxow0P4jorfAaM4DMXX4M7FCV+g==",
      "license": "Apache-2.0",
      "bin": {
        "modern-web-guidance": "skills/modern-web-guidance/modern-web.mjs"
      },
      "engines": {
        "node": ">=20.0.0",
        "vscode": "^1.90.0"
      }
    }
  }
}
